
Microsoft Visual Studio Solution File, Format Version 12.00
# Visual Studio Version 17
VisualStudioVersion = 17.1.32328.378
MinimumVisualStudioVersion = 10.0.40219.1
Project("{9A19103F-16F7-4668-BE54-9A1E7A4F7556}") = "AutomobileLibraryDatabaseFirst", "AutomobileLibraryDatabaseFirst\AutomobileLibraryDatabaseFirst.csproj", "{BE4728A7-B84C-4D30-8BE9-BE1F2EEE9757}"
EndProject
Project("{9A19103F-16F7-4668-BE54-9A1E7A4F7556}") = "AutomobileWinAppDBFirst", "form\AutomobileWinAppDBFirst.csproj", "{068F42DE-31EF-4D33-B241-F5301650D9BE}"
EndProject
Global
	GlobalSection(SolutionConfigurationPlatforms) = preSolution
		Debug|Any CPU = Debug|Any CPU
		Release|Any CPU = Release|Any CPU
	EndGlobalSection
	GlobalSection(ProjectConfigurationPlatforms) = postSolution
		{BE4728A7-B84C-4D30-8BE9-BE1F2EEE9757}.Debug|Any CPU.ActiveCfg = Debug|Any CPU
		{BE4728A7-B84C-4D30-8BE9-BE1F2EEE9757}.Debug|Any CPU.Build.0 = Debug|Any CPU
		{BE4728A7-B84C-4D30-8BE9-BE1F2EEE9757}.Release|Any CPU.ActiveCfg = Release|Any CPU
		{BE4728A7-B84C-4D30-8BE9-BE1F2EEE9757}.Release|Any CPU.Build.0 = Release|Any CPU
		{068F42DE-31EF-4D33-B241-F5301650D9BE}.Debug|Any CPU.ActiveCfg = Debug|Any CPU
		{068F42DE-31EF-4D33-B241-F5301650D9BE}.Debug|Any CPU.Build.0 = Debug|Any CPU
		{068F42DE-31EF-4D33-B241-F5301650D9BE}.Release|Any CPU.ActiveCfg = Release|Any CPU
		{068F42DE-31EF-4D33-B241-F5301650D9BE}.Release|Any CPU.Build.0 = Release|Any CPU
	EndGlobalSection
	GlobalSection(SolutionProperties) = preSolution
		HideSolutionNode = FALSE
	EndGlobalSection
	GlobalSection(ExtensibilityGlobals) = postSolution
		SolutionGuid = {C8FBEB9A-521D-4EB1-921E-0D140902445D}
	EndGlobalSection
EndGlobal
